schema: '2.0'
stages:
  simulate:
    cmd: python3 ./car_rental.py
    deps:
    - path: ../data/car_rental.dat
      md5: 521ac38d3ab8b2bf838b56096bffd953
      size: 705
    - path: ./car_rental.py
      md5: 2cbbf1dc5519994e741967fc2a31e9a4
      size: 4147
    outs:
    - path: ../output/results.txt
      md5: 1d14ac9f47902d4b31e8d7530748fe62
      size: 508
